
Microsoft Visual Studio Solution File, Format Version 12.00
# Visual Studio 15
VisualStudioVersion = 15.0.28307.136
MinimumVisualStudioVersion = 10.0.40219.1
Project("{FAE04EC0-301F-11D3-BF4B-00C04F79EFBC}") = "ServerApp", "ServerApp\ServerApp.csproj", "{D8DC3763-8B91-4898-A837-9E83D7C4037D}"
EndProject
Global
	GlobalSection(SolutionConfigurationPlatforms) = preSolution
		Debug|Any CPU = Debug|Any CPU
		Release|Any CPU = Release|Any CPU
	EndGlobalSection
	GlobalSection(ProjectConfigurationPlatforms) = postSolution
		{D8DC3763-8B91-4898-A837-9E83D7C4037D}.Debug|Any CPU.ActiveCfg = Debug|Any CPU
		{D8DC3763-8B91-4898-A837-9E83D7C4037D}.Debug|Any CPU.Build.0 = Debug|Any CPU
		{D8DC3763-8B91-4898-A837-9E83D7C4037D}.Release|Any CPU.ActiveCfg = Release|Any CPU
		{D8DC3763-8B91-4898-A837-9E83D7C4037D}.Release|Any CPU.Build.0 = Release|Any CPU
	EndGlobalSection
	GlobalSection(SolutionProperties) = preSolution
		HideSolutionNode = FALSE
	EndGlobalSection
	GlobalSection(ExtensibilityGlobals) = postSolution
		SolutionGuid = {39B30C92-F2F4-4F8E-B873-C80863EA3720}
	EndGlobalSection
EndGlobal
